// !$*UTF8*$!
{
	archiveVersion = 1;
	classes = {
	};
	objectVersion = 77;
	objects = {

/* Begin PBXBuildFile section */
		015C7A8CE16D49F2C445C02A /* SettingsView.swift in Sources */ = {isa = PBXBuildFile; fileRef = 01E751C3B9ED986F1E6D3C8F /* SettingsView.swift */; };
		0A7B70CBA747ED9FEE20C51A /* SidebarView.swift in Sources */ = {isa = PBXBuildFile; fileRef = 5402892366B3F00417FD05F9 /* SidebarView.swift */; };
		27F449EDD1B082FE11FEC9DF /* SchedulerService.swift in Sources */ = {isa = PBXBuildFile; fileRef = 28181F034530331A550C6A3D /* SchedulerService.swift */; };
		340E424F759ACCDE7372F99F /* Theme.swift in Sources */ = {isa = PBXBuildFile; fileRef = C5ADDC35F31E40780FB5D017 /* Theme.swift */; };
		48D1431A7C99C19EEBDB056B /* CleaningEngine.swift in Sources */ = {isa = PBXBuildFile; fileRef = 2A8DE5D45BA19E2670B57DC5 /* CleaningEngine.swift */; };
		826A750D2D7EC14C2AE306A3 /* Models.swift in Sources */ = {isa = PBXBuildFile; fileRef = 3667D46D8E2004EB4D73835A /* Models.swift */; };
		A221744A723582A6D075A7A0 /* ContentView.swift in Sources */ = {isa = PBXBuildFile; fileRef = 86105573F4051764E9E46626 /* ContentView.swift */; };
		A89DF967EC9E5E8123B2925A /* SmartScanView.swift in Sources */ = {isa = PBXBuildFile; fileRef = 11BA091943263913276F3CCF /* SmartScanView.swift */; };
		AA0000000000000000000004 /* Localizable.strings in Resources */ = {isa = PBXBuildFile; fileRef = AA0000000000000000000003 /* Localizable.strings */; };
		B52938BBD11842631314543D /* CategoryDetailView.swift in Sources */ = {isa = PBXBuildFile; fileRef = 10B0AF194677EAC1D5568785 /* CategoryDetailView.swift */; };
		B8A524AF7F7DCDFCFCA9EDF6 /* AppViewModel.swift in Sources */ = {isa = PBXBuildFile; fileRef = DD7FDA1B749FFA61DFB52AB5 /* AppViewModel.swift */; };
		D9445C2641A8637B65DA5ACE /* ScanEngine.swift in Sources */ = {isa = PBXBuildFile; fileRef = A711CDF5285F68775D9B5513 /* ScanEngine.swift */; };
		D9D4E0FA2F8C135400ABB13C /* AppConstants.swift in Sources */ = {isa = PBXBuildFile; fileRef = D9D4E0F92F8C135400ABB13C /* AppConstants.swift */; };
		DDD6BA35DBF32E7A6B5F6F8B /* Assets.xcassets in Resources */ = {isa = PBXBuildFile; fileRef = B2EA41E1096FA8E3B916AD13 /* Assets.xcassets */; };
		EDEF28CAD23E936FBED1783B /* PureMacApp.swift in Sources */ = {isa = PBXBuildFile; fileRef = 63581B70F9B10231964E3602 /* PureMacApp.swift */; };
		F1A2B3C4D5E6F70819203142 /* FullDiskAccessManager.swift in Sources */ = {isa = PBXBuildFile; fileRef = A1B2C3D4E5F607182930A1B2 /* FullDiskAccessManager.swift */; };
/* End PBXBuildFile section */

/* Begin PBXFileReference section */
		01E751C3B9ED986F1E6D3C8F /* SettingsView.swift */ = {isa = PBXFileReference; lastKnownFileType = sourcecode.swift; path = SettingsView.swift; sourceTree = "<group>"; };
		10B0AF194677EAC1D5568785 /* CategoryDetailView.swift */ = {isa = PBXFileReference; lastKnownFileType = sourcecode.swift; path = CategoryDetailView.swift; sourceTree = "<group>"; };
		11BA091943263913276F3CCF /* SmartScanView.swift */ = {isa = PBXFileReference; lastKnownFileType = sourcecode.swift; path = SmartScanView.swift; sourceTree = "<group>"; };
		28181F034530331A550C6A3D /* SchedulerService.swift */ = {isa = PBXFileReference; lastKnownFileType = sourcecode.swift; path = SchedulerService.swift; sourceTree = "<group>"; };
		2A8DE5D45BA19E2670B57DC5 /* CleaningEngine.swift */ = {isa = PBXFileReference; lastKnownFileType = sourcecode.swift; path = CleaningEngine.swift; sourceTree = "<group>"; };
		311078221878708524283765 /* PureMac.app */ = {isa = PBXFileReference; explicitFileType = wrapper.application; includeInIndex = 0; path = PureMac.app; sourceTree = BUILT_PRODUCTS_DIR; };
		3667D46D8E2004EB4D73835A /* Models.swift */ = {isa = PBXFileReference; lastKnownFileType = sourcecode.swift; path = Models.swift; sourceTree = "<group>"; };
		46660271CFF167AB0FE7371D /* Info.plist */ = {isa = PBXFileReference; lastKnownFileType = text.plist; path = Info.plist; sourceTree = "<group>"; };
		5402892366B3F00417FD05F9 /* SidebarView.swift */ = {isa = PBXFileReference; lastKnownFileType = sourcecode.swift; path = SidebarView.swift; sourceTree = "<group>"; };
		5664D2BDAEAA9AE3A53DB364 /* PureMac.entitlements */ = {isa = PBXFileReference; lastKnownFileType = text.plist.entitlements; path = PureMac.entitlements; sourceTree = "<group>"; };
		63581B70F9B10231964E3602 /* PureMacApp.swift */ = {isa = PBXFileReference; lastKnownFileType = sourcecode.swift; path = PureMacApp.swift; sourceTree = "<group>"; };
		86105573F4051764E9E46626 /* ContentView.swift */ = {isa = PBXFileReference; lastKnownFileType = sourcecode.swift; path = ContentView.swift; sourceTree = "<group>"; };
		A1B2C3D4E5F607182930A1B2 /* FullDiskAccessManager.swift */ = {isa = PBXFileReference; lastKnownFileType = sourcecode.swift; path = FullDiskAccessManager.swift; sourceTree = "<group>"; };
		A711CDF5285F68775D9B5513 /* ScanEngine.swift */ = {isa = PBXFileReference; lastKnownFileType = sourcecode.swift; path = ScanEngine.swift; sourceTree = "<group>"; };
		AA0000000000000000000001 /* en */ = {isa = PBXFileReference; lastKnownFileType = text.plist.strings; name = en; path = en.lproj/Localizable.strings; sourceTree = "<group>"; };
		AA0000000000000000000002 /* zh-Hans */ = {isa = PBXFileReference; lastKnownFileType = text.plist.strings; name = "zh-Hans"; path = "zh-Hans.lproj/Localizable.strings"; sourceTree = "<group>"; };
		AA0000000000000000000005 /* zh-Hant */ = {isa = PBXFileReference; lastKnownFileType = text.plist.strings; name = "zh-Hant"; path = "zh-Hant.lproj/Localizable.strings"; sourceTree = "<group>"; };
		B2EA41E1096FA8E3B916AD13 /* Assets.xcassets */ = {isa = PBXFileReference; lastKnownFileType = folder.assetcatalog; path = Assets.xcassets; sourceTree = "<group>"; };
		C5ADDC35F31E40780FB5D017 /* Theme.swift */ = {isa = PBXFileReference; lastKnownFileType = sourcecode.swift; path = Theme.swift; sourceTree = "<group>"; };
		D9D4E0F92F8C135400ABB13C /* AppConstants.swift */ = {isa = PBXFileReference; lastKnownFileType = sourcecode.swift; path = AppConstants.swift; sourceTree = "<group>"; };
		DD7FDA1B749FFA61DFB52AB5 /* AppViewModel.swift */ = {isa = PBXFileReference; lastKnownFileType = sourcecode.swift; path = AppViewModel.swift; sourceTree = "<group>"; };
/* End PBXFileReference section */

/* Begin PBXGroup section */
		13CF0676D0E93925F46C13AA = {
			isa = PBXGroup;
			children = (
				E383F69184F4552E5A41D010 /* PureMac */,
				4562CA9E5625FA4EEEFECB6D /* Products */,
			);
			sourceTree = "<group>";
		};
		3CF46713F75B81F0F86D1C6F /* Models */ = {
			isa = PBXGroup;
			children = (
				3667D46D8E2004EB4D73835A /* Models.swift */,
			);
			path = Models;
			sourceTree = "<group>";
		};
		4562CA9E5625FA4EEEFECB6D /* Products */ = {
			isa = PBXGroup;
			children = (
				311078221878708524283765 /* PureMac.app */,
			);
			name = Products;
			sourceTree = "<group>";
		};
		45B485C4ACB5B08C1B87917F /* Views */ = {
			isa = PBXGroup;
			children = (
				10B0AF194677EAC1D5568785 /* CategoryDetailView.swift */,
				86105573F4051764E9E46626 /* ContentView.swift */,
				01E751C3B9ED986F1E6D3C8F /* SettingsView.swift */,
				5402892366B3F00417FD05F9 /* SidebarView.swift */,
				11BA091943263913276F3CCF /* SmartScanView.swift */,
			);
			path = Views;
			sourceTree = "<group>";
		};
		6184B2EC3D01E6E95633406E /* Services */ = {
			isa = PBXGroup;
			children = (
				2A8DE5D45BA19E2670B57DC5 /* CleaningEngine.swift */,
				A1B2C3D4E5F607182930A1B2 /* FullDiskAccessManager.swift */,
				A711CDF5285F68775D9B5513 /* ScanEngine.swift */,
				28181F034530331A550C6A3D /* SchedulerService.swift */,
			);
			path = Services;
			sourceTree = "<group>";
		};
		7C1729F88C0E5563E1A3DB40 /* Extensions */ = {
			isa = PBXGroup;
			children = (
				C5ADDC35F31E40780FB5D017 /* Theme.swift */,
			);
			path = Extensions;
			sourceTree = "<group>";
		};
		A8F1C251567E5321E1CA2484 /* ViewModels */ = {
			isa = PBXGroup;
			children = (
				DD7FDA1B749FFA61DFB52AB5 /* AppViewModel.swift */,
			);
			path = ViewModels;
			sourceTree = "<group>";
		};
		D9D4E0F82F8C135000ABB13C /* Core */ = {
			isa = PBXGroup;
			children = (
				D9D4E0F92F8C135400ABB13C /* AppConstants.swift */,
			);
			path = Core;
			sourceTree = "<group>";
		};
		E383F69184F4552E5A41D010 /* PureMac */ = {
			isa = PBXGroup;
			children = (
				D9D4E0F82F8C135000ABB13C /* Core */,
				B2EA41E1096FA8E3B916AD13 /* Assets.xcassets */,
				AA0000000000000000000003 /* Localizable.strings */,
				46660271CFF167AB0FE7371D /* Info.plist */,
				5664D2BDAEAA9AE3A53DB364 /* PureMac.entitlements */,
				63581B70F9B10231964E3602 /* PureMacApp.swift */,
				7C1729F88C0E5563E1A3DB40 /* Extensions */,
				3CF46713F75B81F0F86D1C6F /* Models */,
				6184B2EC3D01E6E95633406E /* Services */,
				A8F1C251567E5321E1CA2484 /* ViewModels */,
				45B485C4ACB5B08C1B87917F /* Views */,
			);
			path = PureMac;
			sourceTree = "<group>";
		};
/* End PBXGroup section */

/* Begin PBXNativeTarget section */
		B19E38DEAA0144A77120F39C /* PureMac */ = {
			isa = PBXNativeTarget;
			buildConfigurationList = 2754925F163D15C85EDF494D /* Build configuration list for PBXNativeTarget "PureMac" */;
			buildPhases = (
				63C589367B714FC06B0519E5 /* Sources */,
				3975A867E04014FA565E9F46 /* Resources */,
			);
			buildRules = (
			);
			dependencies = (
			);
			name = PureMac;
			packageProductDependencies = (
			);
			productName = PureMac;
			productReference = 311078221878708524283765 /* PureMac.app */;
			productType = "com.apple.product-type.application";
		};
/* End PBXNativeTarget section */

/* Begin PBXProject section */
		37BE87544E2EC9F6FF1CD280 /* Project object */ = {
			isa = PBXProject;
			attributes = {
				BuildIndependentTargetsInParallel = YES;
				LastUpgradeCheck = 1640;
				TargetAttributes = {
					B19E38DEAA0144A77120F39C = {
						DevelopmentTeam = H3WXHVTP97;
						ProvisioningStyle = Automatic;
					};
				};
			};
			buildConfigurationList = 2ABAFAE07AA42044AE58F688 /* Build configuration list for PBXProject "PureMac" */;
			developmentRegion = en;
			hasScannedForEncodings = 0;
			knownRegions = (
				Base,
				en,
				"zh-Hans",
				"zh-Hant",
			);
			mainGroup = 13CF0676D0E93925F46C13AA;
			minimizedProjectReferenceProxies = 1;
			preferredProjectObjectVersion = 77;
			productRefGroup = 4562CA9E5625FA4EEEFECB6D /* Products */;
			projectDirPath = "";
			projectRoot = "";
			targets = (
				B19E38DEAA0144A77120F39C /* PureMac */,
			);
		};
/* End PBXProject section */

/* Begin PBXResourcesBuildPhase section */
		3975A867E04014FA565E9F46 /* Resources */ = {
			isa = PBXResourcesBuildPhase;
			buildActionMask = 2147483647;
			files = (
				DDD6BA35DBF32E7A6B5F6F8B /* Assets.xcassets in Resources */,
				AA0000000000000000000004 /* Localizable.strings in Resources */,
			);
			runOnlyForDeploymentPostprocessing = 0;
		};
/* End PBXResourcesBuildPhase section */

/* Begin PBXSourcesBuildPhase section */
		63C589367B714FC06B0519E5 /* Sources */ = {
			isa = PBXSourcesBuildPhase;
			buildActionMask = 2147483647;
			files = (
				B8A524AF7F7DCDFCFCA9EDF6 /* AppViewModel.swift in Sources */,
				B52938BBD11842631314543D /* CategoryDetailView.swift in Sources */,
				48D1431A7C99C19EEBDB056B /* CleaningEngine.swift in Sources */,
				A221744A723582A6D075A7A0 /* ContentView.swift in Sources */,
				826A750D2D7EC14C2AE306A3 /* Models.swift in Sources */,
				F1A2B3C4D5E6F70819203142 /* FullDiskAccessManager.swift in Sources */,
				EDEF28CAD23E936FBED1783B /* PureMacApp.swift in Sources */,
				D9445C2641A8637B65DA5ACE /* ScanEngine.swift in Sources */,
				27F449EDD1B082FE11FEC9DF /* SchedulerService.swift in Sources */,
				015C7A8CE16D49F2C445C02A /* SettingsView.swift in Sources */,
				0A7B70CBA747ED9FEE20C51A /* SidebarView.swift in Sources */,
				D9D4E0FA2F8C135400ABB13C /* AppConstants.swift in Sources */,
				A89DF967EC9E5E8123B2925A /* SmartScanView.swift in Sources */,
				340E424F759ACCDE7372F99F /* Theme.swift in Sources */,
			);
			runOnlyForDeploymentPostprocessing = 0;
		};
/* End PBXSourcesBuildPhase section */

/* Begin PBXVariantGroup section */
		AA0000000000000000000003 /* Localizable.strings */ = {
			isa = PBXVariantGroup;
			children = (
				AA0000000000000000000001 /* en */,
				AA0000000000000000000002 /* zh-Hans */,
				AA0000000000000000000005 /* zh-Hant */,
			);
			name = Localizable.strings;
			sourceTree = "<group>";
		};
/* End PBXVariantGroup section */

/* Begin XCBuildConfiguration section */
		0794DC5454CB748EC1374422 /* Debug */ = {
			isa = XCBuildConfiguration;
			buildSettings = {
				ALWAYS_SEARCH_USER_PATHS = NO;
				ASSETCATALOG_COMPILER_APPICON_NAME = AppIcon;
				CLANG_ANALYZER_NONNULL = YES;
				CLANG_ANALYZER_NUMBER_OBJECT_CONVERSION = YES_AGGRESSIVE;
				CLANG_CXX_LANGUAGE_STANDARD = "gnu++14";
				CLANG_CXX_LIBRARY = "libc++";
				CLANG_ENABLE_MODULES = YES;
				CLANG_ENABLE_OBJC_ARC = YES;
				CLANG_ENABLE_OBJC_WEAK = YES;
				CLANG_WARN_BLOCK_CAPTURE_AUTORELEASING = YES;
				CLANG_WARN_BOOL_CONVERSION = YES;
				CLANG_WARN_COMMA = YES;
				CLANG_WARN_CONSTANT_CONVERSION = YES;
				CLANG_WARN_DEPRECATED_OBJC_IMPLEMENTATIONS = YES;
				CLANG_WARN_DIRECT_OBJC_ISA_USAGE = YES_ERROR;
				CLANG_WARN_DOCUMENTATION_COMMENTS = YES;
				CLANG_WARN_EMPTY_BODY = YES;
				CLANG_WARN_ENUM_CONVERSION = YES;
				CLANG_WARN_INFINITE_RECURSION = YES;
				CLANG_WARN_INT_CONVERSION = YES;
				CLANG_WARN_NON_LITERAL_NULL_CONVERSION = YES;
				CLANG_WARN_OBJC_IMPLICIT_RETAIN_SELF = YES;
				CLANG_WARN_OBJC_LITERAL_CONVERSION = YES;
				CLANG_WARN_OBJC_ROOT_CLASS = YES_ERROR;
				CLANG_WARN_QUOTED_INCLUDE_IN_FRAMEWORK_HEADER = YES;
				CLANG_WARN_RANGE_LOOP_ANALYSIS = YES;
				CLANG_WARN_STRICT_PROTOTYPES = YES;
				CLANG_WARN_SUSPICIOUS_MOVE = YES;
				CLANG_WARN_UNGUARDED_AVAILABILITY = YES_AGGRESSIVE;
				CLANG_WARN_UNREACHABLE_CODE = YES;
				CLANG_WARN__DUPLICATE_METHOD_MATCH = YES;
				CODE_SIGN_ENTITLEMENTS = PureMac/PureMac.entitlements;
				CODE_SIGN_IDENTITY = "-";
				CODE_SIGN_STYLE = Automatic;
				COMBINE_HIDPI_IMAGES = YES;
				COPY_PHASE_STRIP = NO;
				CURRENT_PROJECT_VERSION = 2;
				DEBUG_INFORMATION_FORMAT = dwarf;
				DEVELOPMENT_TEAM = H3WXHVTP97;
				ENABLE_STRICT_OBJC_MSGSEND = YES;
				ENABLE_TESTABILITY = YES;
				GCC_C_LANGUAGE_STANDARD = gnu11;
				GCC_DYNAMIC_NO_PIC = NO;
				GCC_NO_COMMON_BLOCKS = YES;
				GCC_OPTIMIZATION_LEVEL = 0;
				GCC_PREPROCESSOR_DEFINITIONS = (
					"$(inherited)",
					"DEBUG=1",
				);
				GCC_WARN_64_TO_32_BIT_CONVERSION = YES;
				GCC_WARN_ABOUT_RETURN_TYPE = YES_ERROR;
				GCC_WARN_UNDECLARED_SELECTOR = YES;
				GCC_WARN_UNINITIALIZED_AUTOS = YES_AGGRESSIVE;
				GCC_WARN_UNUSED_FUNCTION = YES;
				GCC_WARN_UNUSED_VARIABLE = YES;
				GENERATE_INFOPLIST_FILE = NO;
				INFOPLIST_FILE = PureMac/Info.plist;
				MACOSX_DEPLOYMENT_TARGET = 13.0;
				MARKETING_VERSION = 1.0.0;
				MTL_ENABLE_DEBUG_INFO = INCLUDE_SOURCE;
				MTL_FAST_MATH = YES;
				ONLY_ACTIVE_ARCH = YES;
				PRODUCT_BUNDLE_IDENTIFIER = com.puremac.app;
				PRODUCT_NAME = "$(TARGET_NAME)";
				SDKROOT = macosx;
				SWIFT_ACTIVE_COMPILATION_CONDITIONS = DEBUG;
				SWIFT_OPTIMIZATION_LEVEL = "-Onone";
				SWIFT_VERSION = 5.9;
			};
			name = Debug;
		};
		62DEA95205CFC6624F5AE4DA /* Debug */ = {
			isa = XCBuildConfiguration;
			buildSettings = {
				ASSETCATALOG_COMPILER_APPICON_NAME = AppIcon;
				COMBINE_HIDPI_IMAGES = YES;
				INFOPLIST_FILE = PureMac/Info.plist;
				LD_RUNPATH_SEARCH_PATHS = (
					"$(inherited)",
					"@executable_path/../Frameworks",
				);
				PRODUCT_NAME = PureMac;
				SDKROOT = macosx;
				SWIFT_EMIT_LOC_STRINGS = YES;
			};
			name = Debug;
		};
		D1B9D379DD6CC0DA24E58BCF /* Release */ = {
			isa = XCBuildConfiguration;
			buildSettings = {
				ALWAYS_SEARCH_USER_PATHS = NO;
				ASSETCATALOG_COMPILER_APPICON_NAME = AppIcon;
				CLANG_ANALYZER_NONNULL = YES;
				CLANG_ANALYZER_NUMBER_OBJECT_CONVERSION = YES_AGGRESSIVE;
				CLANG_CXX_LANGUAGE_STANDARD = "gnu++14";
				CLANG_CXX_LIBRARY = "libc++";
				CLANG_ENABLE_MODULES = YES;
				CLANG_ENABLE_OBJC_ARC = YES;
				CLANG_ENABLE_OBJC_WEAK = YES;
				CLANG_WARN_BLOCK_CAPTURE_AUTORELEASING = YES;
				CLANG_WARN_BOOL_CONVERSION = YES;
				CLANG_WARN_COMMA = YES;
				CLANG_WARN_CONSTANT_CONVERSION = YES;
				CLANG_WARN_DEPRECATED_OBJC_IMPLEMENTATIONS = YES;
				CLANG_WARN_DIRECT_OBJC_ISA_USAGE = YES_ERROR;
				CLANG_WARN_DOCUMENTATION_COMMENTS = YES;
				CLANG_WARN_EMPTY_BODY = YES;
				CLANG_WARN_ENUM_CONVERSION = YES;
				CLANG_WARN_INFINITE_RECURSION = YES;
				CLANG_WARN_INT_CONVERSION = YES;
				CLANG_WARN_NON_LITERAL_NULL_CONVERSION = YES;
				CLANG_WARN_OBJC_IMPLICIT_RETAIN_SELF = YES;
				CLANG_WARN_OBJC_LITERAL_CONVERSION = YES;
				CLANG_WARN_OBJC_ROOT_CLASS = YES_ERROR;
				CLANG_WARN_QUOTED_INCLUDE_IN_FRAMEWORK_HEADER = YES;
				CLANG_WARN_RANGE_LOOP_ANALYSIS = YES;
				CLANG_WARN_STRICT_PROTOTYPES = YES;
				CLANG_WARN_SUSPICIOUS_MOVE = YES;
				CLANG_WARN_UNGUARDED_AVAILABILITY = YES_AGGRESSIVE;
				CLANG_WARN_UNREACHABLE_CODE = YES;
				CLANG_WARN__DUPLICATE_METHOD_MATCH = YES;
				CODE_SIGN_ENTITLEMENTS = PureMac/PureMac.entitlements;
				CODE_SIGN_IDENTITY = "-";
				CODE_SIGN_STYLE = Automatic;
				COMBINE_HIDPI_IMAGES = YES;
				COPY_PHASE_STRIP = NO;
				CURRENT_PROJECT_VERSION = 2;
				DEBUG_INFORMATION_FORMAT = "dwarf-with-dsym";
				DEVELOPMENT_TEAM = H3WXHVTP97;
				ENABLE_NS_ASSERTIONS = NO;
				ENABLE_STRICT_OBJC_MSGSEND = YES;
				GCC_C_LANGUAGE_STANDARD = gnu11;
				GCC_NO_COMMON_BLOCKS = YES;
				GCC_WARN_64_TO_32_BIT_CONVERSION = YES;
				GCC_WARN_ABOUT_RETURN_TYPE = YES_ERROR;
				GCC_WARN_UNDECLARED_SELECTOR = YES;
				GCC_WARN_UNINITIALIZED_AUTOS = YES_AGGRESSIVE;
				GCC_WARN_UNUSED_FUNCTION = YES;
				GCC_WARN_UNUSED_VARIABLE = YES;
				GENERATE_INFOPLIST_FILE = NO;
				INFOPLIST_FILE = PureMac/Info.plist;
				MACOSX_DEPLOYMENT_TARGET = 13.0;
				MARKETING_VERSION = 1.0.0;
				MTL_ENABLE_DEBUG_INFO = NO;
				MTL_FAST_MATH = YES;
				PRODUCT_BUNDLE_IDENTIFIER = com.puremac.app;
				PRODUCT_NAME = "$(TARGET_NAME)";
				SDKROOT = macosx;
				SWIFT_COMPILATION_MODE = wholemodule;
				SWIFT_OPTIMIZATION_LEVEL = "-O";
				SWIFT_VERSION = 5.9;
			};
			name = Release;
		};
		F079CEBA12A56241A5D0D3BC /* Release */ = {
			isa = XCBuildConfiguration;
			buildSettings = {
				ASSETCATALOG_COMPILER_APPICON_NAME = AppIcon;
				COMBINE_HIDPI_IMAGES = YES;
				INFOPLIST_FILE = PureMac/Info.plist;
				LD_RUNPATH_SEARCH_PATHS = (
					"$(inherited)",
					"@executable_path/../Frameworks",
				);
				PRODUCT_NAME = PureMac;
				SDKROOT = macosx;
				SWIFT_EMIT_LOC_STRINGS = YES;
			};
			name = Release;
		};
/* End XCBuildConfiguration section */

/* Begin XCConfigurationList section */
		2754925F163D15C85EDF494D /* Build configuration list for PBXNativeTarget "PureMac" */ = {
			isa = XCConfigurationList;
			buildConfigurations = (
				62DEA95205CFC6624F5AE4DA /* Debug */,
				F079CEBA12A56241A5D0D3BC /* Release */,
			);
			defaultConfigurationIsVisible = 0;
			defaultConfigurationName = Release;
		};
		2ABAFAE07AA42044AE58F688 /* Build configuration list for PBXProject "PureMac" */ = {
			isa = XCConfigurationList;
			buildConfigurations = (
				0794DC5454CB748EC1374422 /* Debug */,
				D1B9D379DD6CC0DA24E58BCF /* Release */,
			);
			defaultConfigurationIsVisible = 0;
			defaultConfigurationName = Release;
		};
/* End XCConfigurationList section */
	};
	rootObject = 37BE87544E2EC9F6FF1CD280 /* Project object */;
}
